
Microsoft Visual Studio Solution File, Format Version 12.00
# Visual Studio Version 16
VisualStudioVersion = 16.0.30523.141
MinimumVisualStudioVersion = 10.0.40219.1
Project("{FAE04EC0-301F-11D3-BF4B-00C04F79EFBC}") = "Esercizio-Thread", "Esercizio-Thread\Esercizio-Thread.csproj", "{2A81CA5F-6E0D-49A2-B58D-034360E40245}"
EndProject
Global
	GlobalSection(SolutionConfigurationPlatforms) = preSolution
		Debug|Any CPU = Debug|Any CPU
		Release|Any CPU = Release|Any CPU
	EndGlobalSection
	GlobalSection(ProjectConfigurationPlatforms) = postSolution
		{2A81CA5F-6E0D-49A2-B58D-034360E40245}.Debug|Any CPU.ActiveCfg = Debug|Any CPU
		{2A81CA5F-6E0D-49A2-B58D-034360E40245}.Debug|Any CPU.Build.0 = Debug|Any CPU
		{2A81CA5F-6E0D-49A2-B58D-034360E40245}.Release|Any CPU.ActiveCfg = Release|Any CPU
		{2A81CA5F-6E0D-49A2-B58D-034360E40245}.Release|Any CPU.Build.0 = Release|Any CPU
	EndGlobalSection
	GlobalSection(SolutionProperties) = preSolution
		HideSolutionNode = FALSE
	EndGlobalSection
	GlobalSection(ExtensibilityGlobals) = postSolution
		SolutionGuid = {FB1229F5-EF11-4893-BF3E-258679AE4B6A}
	EndGlobalSection
EndGlobal
